
Microsoft Visual Studio Solution File, Format Version 12.00
# Visual Studio 15
VisualStudioVersion = 15.0.27004.2005
MinimumVisualStudioVersion = 10.0.40219.1
Project("{FAE04EC0-301F-11D3-BF4B-00C04F79EFBC}") = "eSchoolSemi.Web", "eSchoolSemi\eSchoolSemi.Web.csproj", "{D1103393-AF23-4B57-A2BD-E9EB3BEC7DA9}"
EndProject
Project("{FAE04EC0-301F-11D3-BF4B-00C04F79EFBC}") = "eSchoolSemi.Data", "eSchoolSemi.Data\eSchoolSemi.Data.csproj", "{99F367B9-6714-4A39-B927-EA59291ABBAD}"
EndProject
Global
	GlobalSection(SolutionConfigurationPlatforms) = preSolution
		Debug|Any CPU = Debug|Any CPU
		Release|Any CPU = Release|Any CPU
	EndGlobalSection
	GlobalSection(ProjectConfigurationPlatforms) = postSolution
		{D1103393-AF23-4B57-A2BD-E9EB3BEC7DA9}.Debug|Any CPU.ActiveCfg = Debug|Any CPU
		{D1103393-AF23-4B57-A2BD-E9EB3BEC7DA9}.Debug|Any CPU.Build.0 = Debug|Any CPU
		{D1103393-AF23-4B57-A2BD-E9EB3BEC7DA9}.Release|Any CPU.ActiveCfg = Release|Any CPU
		{D1103393-AF23-4B57-A2BD-E9EB3BEC7DA9}.Release|Any CPU.Build.0 = Release|Any CPU
		{99F367B9-6714-4A39-B927-EA59291ABBAD}.Debug|Any CPU.ActiveCfg = Debug|Any CPU
		{99F367B9-6714-4A39-B927-EA59291ABBAD}.Debug|Any CPU.Build.0 = Debug|Any CPU
		{99F367B9-6714-4A39-B927-EA59291ABBAD}.Release|Any CPU.ActiveCfg = Release|Any CPU
		{99F367B9-6714-4A39-B927-EA59291ABBAD}.Release|Any CPU.Build.0 = Release|Any CPU
	EndGlobalSection
	GlobalSection(SolutionProperties) = preSolution
		HideSolutionNode = FALSE
	EndGlobalSection
	GlobalSection(ExtensibilityGlobals) = postSolution
		SolutionGuid = {534D5BC2-5E08-4D8C-847B-9183FE70C7E5}
	EndGlobalSection
EndGlobal
